{
  "version": 4,
  "terraform_version": "1.3.1",
  "serial": 12,
  "lineage": "0c17304a-e74b-7a60-9370-c9de241827fd",
  "outputs": {
    "bucket": {
      "value": "tf-state-g00chy-sample-ecs",
      "type": "string"
    },
    "docker_registry": {
      "value": "019412732488.dkr.ecr.us-east-1.amazonaws.com/g00chy-sample-ecs",
      "type": "string"
    }
  },
  "resources": [
    {
      "mode": "data",
      "type": "aws_caller_identity",
      "name": "current",
      "provider": "provider[\"registry.terraform.io/hashicorp/aws\"]",
      "instances": [
        {
          "schema_version": 0,
          "attributes": {
            "account_id": "019412732488",
            "arn": "arn:aws:iam::019412732488:user/luna",
            "id": "019412732488",
            "user_id": "AIDAQJBIWZJEAWIVG4BBK"
          },
          "sensitive_attributes": []
        }
      ]
    },
    {
      "mode": "data",
      "type": "aws_iam_policy_document",
      "name": "ecr",
      "provider": "provider[\"registry.terraform.io/hashicorp/aws\"]",
      "instances": [
        {
          "schema_version": 0,
          "attributes": {
            "id": "3116837449",
            "json": "{\n  \"Version\": \"2012-10-17\",\n  \"Statement\": [\n    {\n      \"Sid\": \"\",\n      \"Effect\": \"Allow\",\n      \"Action\": [\n        \"ecr:UploadLayerPart\",\n        \"ecr:StartLifecyclePolicyPreview\",\n        \"ecr:SetRepositoryPolicy\",\n        \"ecr:PutLifecyclePolicy\",\n        \"ecr:PutImage\",\n        \"ecr:ListImages\",\n        \"ecr:InitiateLayerUpload\",\n        \"ecr:GetRepositoryPolicy\",\n        \"ecr:GetLifecyclePolicyPreview\",\n        \"ecr:GetLifecyclePolicy\",\n        \"ecr:GetDownloadUrlForLayer\",\n        \"ecr:DescribeRepositories\",\n        \"ecr:DescribeImages\",\n        \"ecr:DeleteRepositoryPolicy\",\n        \"ecr:DeleteRepository\",\n        \"ecr:DeleteLifecyclePolicy\",\n        \"ecr:CompleteLayerUpload\",\n        \"ecr:BatchGetImage\",\n        \"ecr:BatchDeleteImage\",\n        \"ecr:BatchCheckLayerAvailability\"\n      ],\n      \"Principal\": {\n        \"AWS\": \"arn:aws:sts::019412732488:assumed-role/terraform_tfstate/me@example.com\"\n      }\n    }\n  ]\n}",
            "override_json": null,
            "override_policy_documents": null,
            "policy_id": null,
            "source_json": null,
            "source_policy_documents": null,
            "statement": [
              {
                "actions": [
                  "ecr:BatchCheckLayerAvailability",
                  "ecr:BatchDeleteImage",
                  "ecr:BatchGetImage",
                  "ecr:CompleteLayerUpload",
                  "ecr:DeleteLifecyclePolicy",
                  "ecr:DeleteRepository",
                  "ecr:DeleteRepositoryPolicy",
                  "ecr:DescribeImages",
                  "ecr:DescribeRepositories",
                  "ecr:GetDownloadUrlForLayer",
                  "ecr:GetLifecyclePolicy",
                  "ecr:GetLifecyclePolicyPreview",
                  "ecr:GetRepositoryPolicy",
                  "ecr:InitiateLayerUpload",
                  "ecr:ListImages",
                  "ecr:PutImage",
                  "ecr:PutLifecyclePolicy",
                  "ecr:SetRepositoryPolicy",
                  "ecr:StartLifecyclePolicyPreview",
                  "ecr:UploadLayerPart"
                ],
                "condition": [],
                "effect": "Allow",
                "not_actions": [],
                "not_principals": [],
                "not_resources": [],
                "principals": [
                  {
                    "identifiers": [
                      "arn:aws:sts::019412732488:assumed-role/terraform_tfstate/me@example.com"
                    ],
                    "type": "AWS"
                  }
                ],
                "resources": [],
                "sid": ""
              }
            ],
            "version": "2012-10-17"
          },
          "sensitive_attributes": []
        }
      ]
    },
    {
      "mode": "managed",
      "type": "aws_ecr_repository",
      "name": "app",
      "provider": "provider[\"registry.terraform.io/hashicorp/aws\"]",
      "instances": [
        {
          "schema_version": 0,
          "attributes": {
            "arn": "arn:aws:ecr:us-east-1:019412732488:repository/g00chy-sample-ecs",
            "encryption_configuration": [
              {
                "encryption_type": "AES256",
                "kms_key": ""
              }
            ],
            "force_delete": null,
            "id": "g00chy-sample-ecs",
            "image_scanning_configuration": [
              {
                "scan_on_push": false
              }
            ],
            "image_tag_mutability": "IMMUTABLE",
            "name": "g00chy-sample-ecs",
            "registry_id": "019412732488",
            "repository_url": "019412732488.dkr.ecr.us-east-1.amazonaws.com/g00chy-sample-ecs",
            "tags": null,
            "tags_all": {},
            "timeouts": null
          },
          "sensitive_attributes": [],
          "private": "eyJlMmJmYjczMC1lY2FhLTExZTYtOGY4OC0zNDM2M2JjN2M0YzAiOnsiZGVsZXRlIjoxMjAwMDAwMDAwMDAwfX0="
        }
      ]
    },
    {
      "mode": "managed",
      "type": "aws_ecr_repository_policy",
      "name": "app",
      "provider": "provider[\"registry.terraform.io/hashicorp/aws\"]",
      "instances": [
        {
          "schema_version": 0,
          "attributes": {
            "id": "g00chy-sample-ecs",
            "policy": "{\"Statement\":[{\"Action\":[\"ecr:UploadLayerPart\",\"ecr:StartLifecyclePolicyPreview\",\"ecr:SetRepositoryPolicy\",\"ecr:PutLifecyclePolicy\",\"ecr:PutImage\",\"ecr:ListImages\",\"ecr:InitiateLayerUpload\",\"ecr:GetRepositoryPolicy\",\"ecr:GetLifecyclePolicyPreview\",\"ecr:GetLifecyclePolicy\",\"ecr:GetDownloadUrlForLayer\",\"ecr:DescribeRepositories\",\"ecr:DescribeImages\",\"ecr:DeleteRepositoryPolicy\",\"ecr:DeleteRepository\",\"ecr:DeleteLifecyclePolicy\",\"ecr:CompleteLayerUpload\",\"ecr:BatchGetImage\",\"ecr:BatchDeleteImage\",\"ecr:BatchCheckLayerAvailability\"],\"Effect\":\"Allow\",\"Principal\":{\"AWS\":\"arn:aws:sts::019412732488:assumed-role/terraform_tfstate/me@example.com\"},\"Sid\":\"\"}],\"Version\":\"2012-10-17\"}",
            "registry_id": "019412732488",
            "repository": "g00chy-sample-ecs"
          },
          "sensitive_attributes": [],
          "private": "bnVsbA==",
          "dependencies": [
            "aws_ecr_repository.app",
            "data.aws_iam_policy_document.ecr"
          ]
        }
      ]
    },
    {
      "module": "module.tf_remote_state",
      "mode": "data",
      "type": "aws_iam_role",
      "name": "role",
      "provider": "provider[\"registry.terraform.io/hashicorp/aws\"]",
      "instances": [
        {
          "schema_version": 0,
          "attributes": {
            "arn": "arn:aws:iam::019412732488:role/terraform_tfstate",
            "assume_role_policy": "{\"Version\":\"2012-10-17\",\"Statement\":[{\"Effect\":\"Allow\",\"Principal\":{\"Service\":\"s3.amazonaws.com\"},\"Action\":\"sts:AssumeRole\"}]}",
            "create_date": "2022-10-02T04:30:09Z",
            "description": "Allows S3 to call AWS services on your behalf.",
            "id": "terraform_tfstate",
            "max_session_duration": 3600,
            "name": "terraform_tfstate",
            "path": "/",
            "permissions_boundary": "",
            "tags": {},
            "unique_id": "AROAQJBIWZJEIUP5AAIZN"
          },
          "sensitive_attributes": []
        }
      ]
    },
    {
      "module": "module.tf_remote_state",
      "mode": "managed",
      "type": "aws_s3_bucket",
      "name": "bucket",
      "provider": "provider[\"registry.terraform.io/hashicorp/aws\"]",
      "instances": [
        {
          "schema_version": 0,
          "attributes": {
            "acceleration_status": "",
            "acl": null,
            "arn": "arn:aws:s3:::tf-state-g00chy-sample-ecs",
            "bucket": "tf-state-g00chy-sample-ecs",
            "bucket_domain_name": "tf-state-g00chy-sample-ecs.s3.amazonaws.com",
            "bucket_prefix": null,
            "bucket_regional_domain_name": "tf-state-g00chy-sample-ecs.s3.amazonaws.com",
            "cors_rule": [],
            "force_destroy": true,
            "grant": [
              {
                "id": "353019cc5c242e97ac13f151fbd9577d0c8dd1ed1016f0aec2df26803df3895e",
                "permissions": [
                  "FULL_CONTROL"
                ],
                "type": "CanonicalUser",
                "uri": ""
              }
            ],
            "hosted_zone_id": "Z3AQBSTGFYJSTF",
            "id": "tf-state-g00chy-sample-ecs",
            "lifecycle_rule": [
              {
                "abort_incomplete_multipart_upload_days": 3,
                "enabled": true,
                "expiration": [
                  {
                    "date": "",
                    "days": 0,
                    "expired_object_delete_marker": false
                  }
                ],
                "id": "auto-delete-incomplete-after-x-days",
                "noncurrent_version_expiration": [],
                "noncurrent_version_transition": [],
                "prefix": "",
                "tags": null,
                "transition": []
              }
            ],
            "logging": [],
            "object_lock_configuration": [],
            "object_lock_enabled": false,
            "policy": "",
            "region": "us-east-1",
            "replication_configuration": [],
            "request_payer": "BucketOwner",
            "server_side_encryption_configuration": [
              {
                "rule": [
                  {
                    "apply_server_side_encryption_by_default": [
                      {
                        "kms_master_key_id": "",
                        "sse_algorithm": "AES256"
                      }
                    ],
                    "bucket_key_enabled": false
                  }
                ]
              }
            ],
            "tags": {
              "application": "my-app",
              "contact-email": "totugekiluna@gmail.com",
              "customer": "my-customer",
              "environment": "dev",
              "team": "my-team"
            },
            "tags_all": {
              "application": "my-app",
              "contact-email": "totugekiluna@gmail.com",
              "customer": "my-customer",
              "environment": "dev",
              "team": "my-team"
            },
            "timeouts": null,
            "versioning": [
              {
                "enabled": true,
                "mfa_delete": false
              }
            ],
            "website": [],
            "website_domain": null,
            "website_endpoint": null
          },
          "sensitive_attributes": [],
          "private": "eyJlMmJmYjczMC1lY2FhLTExZTYtOGY4OC0zNDM2M2JjN2M0YzAiOnsiY3JlYXRlIjoxMjAwMDAwMDAwMDAwLCJkZWxldGUiOjM2MDAwMDAwMDAwMDAsInJlYWQiOjEyMDAwMDAwMDAwMDAsInVwZGF0ZSI6MTIwMDAwMDAwMDAwMH19"
        }
      ]
    },
    {
      "module": "module.tf_remote_state",
      "mode": "managed",
      "type": "aws_s3_bucket_policy",
      "name": "bucket_policy",
      "provider": "provider[\"registry.terraform.io/hashicorp/aws\"]",
      "instances": [
        {
          "schema_version": 0,
          "attributes": {
            "bucket": "tf-state-g00chy-sample-ecs",
            "id": "tf-state-g00chy-sample-ecs",
            "policy": "{\n  \"Version\": \"2012-10-17\",\n  \"Statement\": [\n    {\n      \"Effect\": \"Allow\",\n      \"Principal\":{\n        \"AWS\": [\n               \n               \"arn:aws:iam::019412732488:role/terraform_tfstate\"\n               ]\n      },\n      \"Action\": [ \"s3:*\" ],\n      \"Resource\": [\n        \"arn:aws:s3:::tf-state-g00chy-sample-ecs\",\n        \"arn:aws:s3:::tf-state-g00chy-sample-ecs/*\"\n      ]\n    }\n  ]\n}\n"
          },
          "sensitive_attributes": [],
          "private": "bnVsbA==",
          "dependencies": [
            "module.tf_remote_state.aws_s3_bucket.bucket",
            "module.tf_remote_state.data.aws_iam_role.additional_roles",
            "module.tf_remote_state.data.aws_iam_role.role"
          ]
        }
      ]
    },
    {
      "module": "module.tf_remote_state",
      "mode": "managed",
      "type": "aws_s3_bucket_public_access_block",
      "name": "bucket",
      "provider": "provider[\"registry.terraform.io/hashicorp/aws\"]",
      "instances": [
        {
          "index_key": 0,
          "schema_version": 0,
          "attributes": {
            "block_public_acls": true,
            "block_public_policy": true,
            "bucket": "tf-state-g00chy-sample-ecs",
            "id": "tf-state-g00chy-sample-ecs",
            "ignore_public_acls": true,
            "restrict_public_buckets": true
          },
          "sensitive_attributes": [],
          "private": "bnVsbA==",
          "dependencies": [
            "module.tf_remote_state.aws_s3_bucket.bucket",
            "module.tf_remote_state.aws_s3_bucket_policy.bucket_policy",
            "module.tf_remote_state.data.aws_iam_role.additional_roles",
            "module.tf_remote_state.data.aws_iam_role.role"
          ]
        }
      ]
    }
  ],
  "check_results": []
}
